<?xml version="1.0" encoding="utf-8"?>
<Project ToolsVersion="4.0" xmlns="http://schemas.microsoft.com/developer/msbuild/2003">
  <ItemGroup>
    <ClCompile Include="LetterDetection.cpp">
      <Filter>Source Files</Filter>
    </ClCompile>
    <ClCompile Include="TextRecognitionSource.cpp">
      <Filter>Source Files</Filter>
    </ClCompile>
    <ClCompile Include="TrainANN.cpp">
      <Filter>Source Files</Filter>
    </ClCompile>
    <ClCompile Include="RectComparator.cpp">
      <Filter>Source Files</Filter>
    </ClCompile>
    <ClCompile Include="LineSegmentation.cpp">
      <Filter>Source Files</Filter>
    </ClCompile>
    <ClCompile Include="BinaryProcessing.cpp">
      <Filter>Source Files</Filter>
    </ClCompile>
    <ClCompile Include="FileLoading.cpp">
      <Filter>Source Files</Filter>
    </ClCompile>
    <ClCompile Include="WordSegmentation.cpp">
      <Filter>Source Files</Filter>
    </ClCompile>
    <ClCompile Include="Line.cpp">
      <Filter>DemoRelease\Source Files</Filter>
    </ClCompile>
    <ClCompile Include="ReleaseFunction.cpp">
      <Filter>DemoRelease\Source Files</Filter>
    </ClCompile>
    <ClCompile Include="Skrew.cpp">
      <Filter>DemoRelease\Source Files</Filter>
    </ClCompile>
    <ClCompile Include="Space.cpp">
      <Filter>DemoRelease\Source Files</Filter>
    </ClCompile>
    <ClCompile Include="LineExtracting.cpp">
      <Filter>DemoRelease\Source Files</Filter>
    </ClCompile>
    <ClCompile Include="VectorProcessing.cpp" />
  </ItemGroup>
  <ItemGroup>
    <ClInclude Include="Contants.h">
      <Filter>Header Files</Filter>
    </ClInclude>
    <ClInclude Include="LetterDetection.h">
      <Filter>Header Files</Filter>
    </ClInclude>
    <ClInclude Include="TrainANN.h">
      <Filter>Header Files</Filter>
    </ClInclude>
    <ClInclude Include="LineSegmentation.h">
      <Filter>Header Files</Filter>
    </ClInclude>
    <ClInclude Include="RectComparator.h">
      <Filter>Header Files</Filter>
    </ClInclude>
    <ClInclude Include="BinaryProcessing.h">
      <Filter>Header Files</Filter>
    </ClInclude>
    <ClInclude Include="FileLoading.h">
      <Filter>Header Files</Filter>
    </ClInclude>
    <ClInclude Include="WordSegmentation.h">
      <Filter>Header Files</Filter>
    </ClInclude>
    <ClInclude Include="Line.h">
      <Filter>DemoRelease\Headers</Filter>
    </ClInclude>
    <ClInclude Include="Skrew.h">
      <Filter>DemoRelease\Headers</Filter>
    </ClInclude>
    <ClInclude Include="Space.h">
      <Filter>DemoRelease\Headers</Filter>
    </ClInclude>
    <ClInclude Include="ReleaseFunction.h">
      <Filter>DemoRelease\Headers</Filter>
    </ClInclude>
    <ClInclude Include="LineExtracting.h">
      <Filter>DemoRelease\Headers</Filter>
    </ClInclude>
    <ClInclude Include="VectorProcessing.h" />
  </ItemGroup>
  <ItemGroup>
    <Filter Include="Source Files">
      <UniqueIdentifier>{97d613a7-81c4-4fc5-8d4f-f9bbe2419047}</UniqueIdentifier>
    </Filter>
    <Filter Include="Header Files">
      <UniqueIdentifier>{13d92e46-174d-46cb-9fe6-87962d8a0eb4}</UniqueIdentifier>
    </Filter>
    <Filter Include="DemoRelease">
      <UniqueIdentifier>{14f88dc1-19d5-4020-a0ea-41ab5067c331}</UniqueIdentifier>
    </Filter>
    <Filter Include="DemoRelease\Headers">
      <UniqueIdentifier>{14695cba-e03f-4123-9d49-1df5ee50e958}</UniqueIdentifier>
    </Filter>
    <Filter Include="DemoRelease\Source Files">
      <UniqueIdentifier>{ec22d0ee-781f-495c-a085-d530250c912a}</UniqueIdentifier>
    </Filter>
  </ItemGroup>
</Project>