<?xml version="1.0" encoding="utf-8"?>
<Project ToolsVersion="4.0" xmlns="http://schemas.microsoft.com/developer/msbuild/2003">
  <ItemGroup>
    <ClCompile Include="LetterDetection.cpp">
      <Filter>Source Files</Filter>
    </ClCompile>
    <ClCompile Include="TextRecognitionSource.cpp">
      <Filter>Source Files</Filter>
    </ClCompile>
    <ClCompile Include="TrainANN.cpp">
      <Filter>Source Files</Filter>
    </ClCompile>
    <ClCompile Include="RectComparator.cpp">
      <Filter>Source Files</Filter>
    </ClCompile>
    <ClCompile Include="LineSegmentation.cpp">
      <Filter>Source Files</Filter>
    </ClCompile>
  </ItemGroup>
  <ItemGroup>
    <ClInclude Include="Contants.h">
      <Filter>Header Files</Filter>
    </ClInclude>
    <ClInclude Include="LetterDetection.h">
      <Filter>Header Files</Filter>
    </ClInclude>
    <ClInclude Include="TrainANN.h">
      <Filter>Header Files</Filter>
    </ClInclude>
    <ClInclude Include="LineSegmentation.h">
      <Filter>Header Files</Filter>
    </ClInclude>
    <ClInclude Include="RectComparator.h">
      <Filter>Header Files</Filter>
    </ClInclude>
  </ItemGroup>
  <ItemGroup>
    <Filter Include="Source Files">
      <UniqueIdentifier>{97d613a7-81c4-4fc5-8d4f-f9bbe2419047}</UniqueIdentifier>
    </Filter>
    <Filter Include="Header Files">
      <UniqueIdentifier>{13d92e46-174d-46cb-9fe6-87962d8a0eb4}</UniqueIdentifier>
    </Filter>
  </ItemGroup>
</Project>